
Microsoft Visual Studio Solution File, Format Version 12.00
# Visual Studio Version 17
VisualStudioVersion = 17.6.33829.357
MinimumVisualStudioVersion = 10.0.40219.1
Project("{FAE04EC0-301F-11D3-BF4B-00C04F79EFBC}") = "JuliePro", "JuliePro\JuliePro.csproj", "{BDA657B9-E635-442C-BE11-3A13363299C8}"
EndProject
Global
	GlobalSection(SolutionConfigurationPlatforms) = preSolution
		Debug|Any CPU = Debug|Any CPU
		Release|Any CPU = Release|Any CPU
	EndGlobalSection
	GlobalSection(ProjectConfigurationPlatforms) = postSolution
		{BDA657B9-E635-442C-BE11-3A13363299C8}.Debug|Any CPU.ActiveCfg = Debug|Any CPU
		{BDA657B9-E635-442C-BE11-3A13363299C8}.Debug|Any CPU.Build.0 = Debug|Any CPU
		{BDA657B9-E635-442C-BE11-3A13363299C8}.Release|Any CPU.ActiveCfg = Release|Any CPU
		{BDA657B9-E635-442C-BE11-3A13363299C8}.Release|Any CPU.Build.0 = Release|Any CPU
	EndGlobalSection
	GlobalSection(SolutionProperties) = preSolution
		HideSolutionNode = FALSE
	EndGlobalSection
	GlobalSection(ExtensibilityGlobals) = postSolution
		SolutionGuid = {72E68FD2-3F79-454F-AD50-6FBFF02667F8}
	EndGlobalSection
EndGlobal
